// !$*UTF8*$!
{
	archiveVersion = 1;
	classes = {
	};
	objectVersion = 50;
	objects = {

/* Begin PBXBuildFile section */
		633D45AD23AB9EE700FE24F1 /* PlaceServices.swift in Sources */ = {isa = PBXBuildFile; fileRef = 633D45A123AB9EE700FE24F1 /* PlaceServices.swift */; };
		633D45AE23AB9EE700FE24F1 /* PlaceDao.swift in Sources */ = {isa = PBXBuildFile; fileRef = 633D45A223AB9EE700FE24F1 /* PlaceDao.swift */; };
		633D45AF23AB9EE700FE24F1 /* UserServices.swift in Sources */ = {isa = PBXBuildFile; fileRef = 633D45A423AB9EE700FE24F1 /* UserServices.swift */; };
		633D45B023AB9EE700FE24F1 /* UserDao.swift in Sources */ = {isa = PBXBuildFile; fileRef = 633D45A523AB9EE700FE24F1 /* UserDao.swift */; };
		633D45B123AB9EE700FE24F1 /* PlaceAPIService.swift in Sources */ = {isa = PBXBuildFile; fileRef = 633D45AA23AB9EE700FE24F1 /* PlaceAPIService.swift */; };
		633D45B223AB9EE700FE24F1 /* UserAPIService.swift in Sources */ = {isa = PBXBuildFile; fileRef = 633D45AC23AB9EE700FE24F1 /* UserAPIService.swift */; };
		633D45B523AB9FE300FE24F1 /* SettingScreenViewController.swift in Sources */ = {isa = PBXBuildFile; fileRef = 633D45B323AB9FE300FE24F1 /* SettingScreenViewController.swift */; };
		633D45B623AB9FE300FE24F1 /* SettingScreenViewController.xib in Resources */ = {isa = PBXBuildFile; fileRef = 633D45B423AB9FE300FE24F1 /* SettingScreenViewController.xib */; };
		633D45B923AB9FF300FE24F1 /* HomeScreenViewController.swift in Sources */ = {isa = PBXBuildFile; fileRef = 633D45B723AB9FF300FE24F1 /* HomeScreenViewController.swift */; };
		633D45BA23AB9FF300FE24F1 /* HomeScreenViewController.xib in Resources */ = {isa = PBXBuildFile; fileRef = 633D45B823AB9FF300FE24F1 /* HomeScreenViewController.xib */; };
		633D45BD23ABA01000FE24F1 /* PlacesScreenViewController.swift in Sources */ = {isa = PBXBuildFile; fileRef = 633D45BB23ABA01000FE24F1 /* PlacesScreenViewController.swift */; };
		633D45BE23ABA01000FE24F1 /* PlacesScreenViewController.xib in Resources */ = {isa = PBXBuildFile; fileRef = 633D45BC23ABA01000FE24F1 /* PlacesScreenViewController.xib */; };
		633D45C123ABA02000FE24F1 /* LoginScreenViewController.swift in Sources */ = {isa = PBXBuildFile; fileRef = 633D45BF23ABA02000FE24F1 /* LoginScreenViewController.swift */; };
		633D45C223ABA02000FE24F1 /* LoginScreenViewController.xib in Resources */ = {isa = PBXBuildFile; fileRef = 633D45C023ABA02000FE24F1 /* LoginScreenViewController.xib */; };
		634A296723AB9E010002D3BA /* AppDelegate.swift in Sources */ = {isa = PBXBuildFile; fileRef = 634A296623AB9E010002D3BA /* AppDelegate.swift */; };
		634A296923AB9E010002D3BA /* SceneDelegate.swift in Sources */ = {isa = PBXBuildFile; fileRef = 634A296823AB9E010002D3BA /* SceneDelegate.swift */; };
		634A296B23AB9E010002D3BA /* ViewController.swift in Sources */ = {isa = PBXBuildFile; fileRef = 634A296A23AB9E010002D3BA /* ViewController.swift */; };
		634A296E23AB9E010002D3BA /* Main.storyboard in Resources */ = {isa = PBXBuildFile; fileRef = 634A296C23AB9E010002D3BA /* Main.storyboard */; };
		634A297023AB9E030002D3BA /* Assets.xcassets in Resources */ = {isa = PBXBuildFile; fileRef = 634A296F23AB9E030002D3BA /* Assets.xcassets */; };
		634A297323AB9E030002D3BA /* LaunchScreen.storyboard in Resources */ = {isa = PBXBuildFile; fileRef = 634A297123AB9E030002D3BA /* LaunchScreen.storyboard */; };
/* End PBXBuildFile section */

/* Begin PBXFileReference section */
		633D45A123AB9EE700FE24F1 /* PlaceServices.swift */ = {isa = PBXFileReference; fileEncoding = 4; lastKnownFileType = sourcecode.swift; path = PlaceServices.swift; sourceTree = "<group>"; };
		633D45A223AB9EE700FE24F1 /* PlaceDao.swift */ = {isa = PBXFileReference; fileEncoding = 4; lastKnownFileType = sourcecode.swift; path = PlaceDao.swift; sourceTree = "<group>"; };
		633D45A423AB9EE700FE24F1 /* UserServices.swift */ = {isa = PBXFileReference; fileEncoding = 4; lastKnownFileType = sourcecode.swift; path = UserServices.swift; sourceTree = "<group>"; };
		633D45A523AB9EE700FE24F1 /* UserDao.swift */ = {isa = PBXFileReference; fileEncoding = 4; lastKnownFileType = sourcecode.swift; path = UserDao.swift; sourceTree = "<group>"; };
		633D45AA23AB9EE700FE24F1 /* PlaceAPIService.swift */ = {isa = PBXFileReference; fileEncoding = 4; lastKnownFileType = sourcecode.swift; path = PlaceAPIService.swift; sourceTree = "<group>"; };
		633D45AC23AB9EE700FE24F1 /* UserAPIService.swift */ = {isa = PBXFileReference; fileEncoding = 4; lastKnownFileType = sourcecode.swift; path = UserAPIService.swift; sourceTree = "<group>"; };
		633D45B323AB9FE300FE24F1 /* SettingScreenViewController.swift */ = {isa = PBXFileReference; lastKnownFileType = sourcecode.swift; path = SettingScreenViewController.swift; sourceTree = "<group>"; };
		633D45B423AB9FE300FE24F1 /* SettingScreenViewController.xib */ = {isa = PBXFileReference; lastKnownFileType = file.xib; path = SettingScreenViewController.xib; sourceTree = "<group>"; };
		633D45B723AB9FF300FE24F1 /* HomeScreenViewController.swift */ = {isa = PBXFileReference; lastKnownFileType = sourcecode.swift; path = HomeScreenViewController.swift; sourceTree = "<group>"; };
		633D45B823AB9FF300FE24F1 /* HomeScreenViewController.xib */ = {isa = PBXFileReference; lastKnownFileType = file.xib; path = HomeScreenViewController.xib; sourceTree = "<group>"; };
		633D45BB23ABA01000FE24F1 /* PlacesScreenViewController.swift */ = {isa = PBXFileReference; lastKnownFileType = sourcecode.swift; path = PlacesScreenViewController.swift; sourceTree = "<group>"; };
		633D45BC23ABA01000FE24F1 /* PlacesScreenViewController.xib */ = {isa = PBXFileReference; lastKnownFileType = file.xib; path = PlacesScreenViewController.xib; sourceTree = "<group>"; };
		633D45BF23ABA02000FE24F1 /* LoginScreenViewController.swift */ = {isa = PBXFileReference; lastKnownFileType = sourcecode.swift; path = LoginScreenViewController.swift; sourceTree = "<group>"; };
		633D45C023ABA02000FE24F1 /* LoginScreenViewController.xib */ = {isa = PBXFileReference; lastKnownFileType = file.xib; path = LoginScreenViewController.xib; sourceTree = "<group>"; };
		634A296323AB9E010002D3BA /* Findout.app */ = {isa = PBXFileReference; explicitFileType = wrapper.application; includeInIndex = 0; path = Findout.app; sourceTree = BUILT_PRODUCTS_DIR; };
		634A296623AB9E010002D3BA /* AppDelegate.swift */ = {isa = PBXFileReference; lastKnownFileType = sourcecode.swift; path = AppDelegate.swift; sourceTree = "<group>"; };
		634A296823AB9E010002D3BA /* SceneDelegate.swift */ = {isa = PBXFileReference; lastKnownFileType = sourcecode.swift; path = SceneDelegate.swift; sourceTree = "<group>"; };
		634A296A23AB9E010002D3BA /* ViewController.swift */ = {isa = PBXFileReference; lastKnownFileType = sourcecode.swift; path = ViewController.swift; sourceTree = "<group>"; };
		634A296D23AB9E010002D3BA /* Base */ = {isa = PBXFileReference; lastKnownFileType = file.storyboard; name = Base; path = Base.lproj/Main.storyboard; sourceTree = "<group>"; };
		634A296F23AB9E030002D3BA /* Assets.xcassets */ = {isa = PBXFileReference; lastKnownFileType = folder.assetcatalog; path = Assets.xcassets; sourceTree = "<group>"; };
		634A297223AB9E030002D3BA /* Base */ = {isa = PBXFileReference; lastKnownFileType = file.storyboard; name = Base; path = Base.lproj/LaunchScreen.storyboard; sourceTree = "<group>"; };
		634A297423AB9E030002D3BA /* Info.plist */ = {isa = PBXFileReference; lastKnownFileType = text.plist.xml; path = Info.plist; sourceTree = "<group>"; };
/* End PBXFileReference section */

/* Begin PBXFrameworksBuildPhase section */
		634A296023AB9E010002D3BA /* Frameworks */ = {
			isa = PBXFrameworksBuildPhase;
			buildActionMask = 2147483647;
			files = (
			);
			runOnlyForDeploymentPostprocessing = 0;
		};
/* End PBXFrameworksBuildPhase section */

/* Begin PBXGroup section */
		633D459A23AB9EE700FE24F1 /* Scenes */ = {
			isa = PBXGroup;
			children = (
				633D459B23AB9EE700FE24F1 /* Settings */,
				633D459C23AB9EE700FE24F1 /* Home */,
				633D459D23AB9EE700FE24F1 /* Place */,
				633D459E23AB9EE700FE24F1 /* Login */,
			);
			path = Scenes;
			sourceTree = "<group>";
		};
		633D459B23AB9EE700FE24F1 /* Settings */ = {
			isa = PBXGroup;
			children = (
				633D45B323AB9FE300FE24F1 /* SettingScreenViewController.swift */,
				633D45B423AB9FE300FE24F1 /* SettingScreenViewController.xib */,
			);
			path = Settings;
			sourceTree = "<group>";
		};
		633D459C23AB9EE700FE24F1 /* Home */ = {
			isa = PBXGroup;
			children = (
				633D45B723AB9FF300FE24F1 /* HomeScreenViewController.swift */,
				633D45B823AB9FF300FE24F1 /* HomeScreenViewController.xib */,
			);
			path = Home;
			sourceTree = "<group>";
		};
		633D459D23AB9EE700FE24F1 /* Place */ = {
			isa = PBXGroup;
			children = (
				633D45BB23ABA01000FE24F1 /* PlacesScreenViewController.swift */,
				633D45BC23ABA01000FE24F1 /* PlacesScreenViewController.xib */,
			);
			path = Place;
			sourceTree = "<group>";
		};
		633D459E23AB9EE700FE24F1 /* Login */ = {
			isa = PBXGroup;
			children = (
				633D45BF23ABA02000FE24F1 /* LoginScreenViewController.swift */,
				633D45C023ABA02000FE24F1 /* LoginScreenViewController.xib */,
			);
			path = Login;
			sourceTree = "<group>";
		};
		633D459F23AB9EE700FE24F1 /* Domains */ = {
			isa = PBXGroup;
			children = (
				633D45A023AB9EE700FE24F1 /* Places */,
				633D45A323AB9EE700FE24F1 /* User */,
			);
			path = Domains;
			sourceTree = "<group>";
		};
		633D45A023AB9EE700FE24F1 /* Places */ = {
			isa = PBXGroup;
			children = (
				633D45A123AB9EE700FE24F1 /* PlaceServices.swift */,
				633D45A223AB9EE700FE24F1 /* PlaceDao.swift */,
			);
			path = Places;
			sourceTree = "<group>";
		};
		633D45A323AB9EE700FE24F1 /* User */ = {
			isa = PBXGroup;
			children = (
				633D45A423AB9EE700FE24F1 /* UserServices.swift */,
				633D45A523AB9EE700FE24F1 /* UserDao.swift */,
			);
			path = User;
			sourceTree = "<group>";
		};
		633D45A623AB9EE700FE24F1 /* Platforms */ = {
			isa = PBXGroup;
			children = (
				633D45A723AB9EE700FE24F1 /* Mock */,
				633D45A823AB9EE700FE24F1 /* API */,
			);
			path = Platforms;
			sourceTree = "<group>";
		};
		633D45A723AB9EE700FE24F1 /* Mock */ = {
			isa = PBXGroup;
			children = (
			);
			path = Mock;
			sourceTree = "<group>";
		};
		633D45A823AB9EE700FE24F1 /* API */ = {
			isa = PBXGroup;
			children = (
				633D45A923AB9EE700FE24F1 /* Places */,
				633D45AB23AB9EE700FE24F1 /* User */,
			);
			path = API;
			sourceTree = "<group>";
		};
		633D45A923AB9EE700FE24F1 /* Places */ = {
			isa = PBXGroup;
			children = (
				633D45AA23AB9EE700FE24F1 /* PlaceAPIService.swift */,
			);
			path = Places;
			sourceTree = "<group>";
		};
		633D45AB23AB9EE700FE24F1 /* User */ = {
			isa = PBXGroup;
			children = (
				633D45AC23AB9EE700FE24F1 /* UserAPIService.swift */,
			);
			path = User;
			sourceTree = "<group>";
		};
		634A295A23AB9E010002D3BA = {
			isa = PBXGroup;
			children = (
				634A296523AB9E010002D3BA /* Findout */,
				634A296423AB9E010002D3BA /* Products */,
			);
			sourceTree = "<group>";
		};
		634A296423AB9E010002D3BA /* Products */ = {
			isa = PBXGroup;
			children = (
				634A296323AB9E010002D3BA /* Findout.app */,
			);
			name = Products;
			sourceTree = "<group>";
		};
		634A296523AB9E010002D3BA /* Findout */ = {
			isa = PBXGroup;
			children = (
				633D459F23AB9EE700FE24F1 /* Domains */,
				633D45A623AB9EE700FE24F1 /* Platforms */,
				633D459A23AB9EE700FE24F1 /* Scenes */,
				634A296623AB9E010002D3BA /* AppDelegate.swift */,
				634A296823AB9E010002D3BA /* SceneDelegate.swift */,
				634A296A23AB9E010002D3BA /* ViewController.swift */,
				634A296C23AB9E010002D3BA /* Main.storyboard */,
				634A296F23AB9E030002D3BA /* Assets.xcassets */,
				634A297123AB9E030002D3BA /* LaunchScreen.storyboard */,
				634A297423AB9E030002D3BA /* Info.plist */,
			);
			path = Findout;
			sourceTree = "<group>";
		};
/* End PBXGroup section */

/* Begin PBXNativeTarget section */
		634A296223AB9E010002D3BA /* Findout */ = {
			isa = PBXNativeTarget;
			buildConfigurationList = 634A297723AB9E030002D3BA /* Build configuration list for PBXNativeTarget "Findout" */;
			buildPhases = (
				634A295F23AB9E010002D3BA /* Sources */,
				634A296023AB9E010002D3BA /* Frameworks */,
				634A296123AB9E010002D3BA /* Resources */,
			);
			buildRules = (
			);
			dependencies = (
			);
			name = Findout;
			productName = Findout;
			productReference = 634A296323AB9E010002D3BA /* Findout.app */;
			productType = "com.apple.product-type.application";
		};
/* End PBXNativeTarget section */

/* Begin PBXProject section */
		634A295B23AB9E010002D3BA /* Project object */ = {
			isa = PBXProject;
			attributes = {
				LastSwiftUpdateCheck = 1130;
				LastUpgradeCheck = 1130;
				ORGANIZATIONNAME = "Ramzy Kermad";
				TargetAttributes = {
					634A296223AB9E010002D3BA = {
						CreatedOnToolsVersion = 11.3;
					};
				};
			};
			buildConfigurationList = 634A295E23AB9E010002D3BA /* Build configuration list for PBXProject "Findout" */;
			compatibilityVersion = "Xcode 9.3";
			developmentRegion = en;
			hasScannedForEncodings = 0;
			knownRegions = (
				en,
				Base,
			);
			mainGroup = 634A295A23AB9E010002D3BA;
			productRefGroup = 634A296423AB9E010002D3BA /* Products */;
			projectDirPath = "";
			projectRoot = "";
			targets = (
				634A296223AB9E010002D3BA /* Findout */,
			);
		};
/* End PBXProject section */

/* Begin PBXResourcesBuildPhase section */
		634A296123AB9E010002D3BA /* Resources */ = {
			isa = PBXResourcesBuildPhase;
			buildActionMask = 2147483647;
			files = (
				634A297323AB9E030002D3BA /* LaunchScreen.storyboard in Resources */,
				633D45C223ABA02000FE24F1 /* LoginScreenViewController.xib in Resources */,
				633D45B623AB9FE300FE24F1 /* SettingScreenViewController.xib in Resources */,
				633D45BA23AB9FF300FE24F1 /* HomeScreenViewController.xib in Resources */,
				634A297023AB9E030002D3BA /* Assets.xcassets in Resources */,
				633D45BE23ABA01000FE24F1 /* PlacesScreenViewController.xib in Resources */,
				634A296E23AB9E010002D3BA /* Main.storyboard in Resources */,
			);
			runOnlyForDeploymentPostprocessing = 0;
		};
/* End PBXResourcesBuildPhase section */

/* Begin PBXSourcesBuildPhase section */
		634A295F23AB9E010002D3BA /* Sources */ = {
			isa = PBXSourcesBuildPhase;
			buildActionMask = 2147483647;
			files = (
				633D45BD23ABA01000FE24F1 /* PlacesScreenViewController.swift in Sources */,
				633D45B123AB9EE700FE24F1 /* PlaceAPIService.swift in Sources */,
				633D45B223AB9EE700FE24F1 /* UserAPIService.swift in Sources */,
				634A296B23AB9E010002D3BA /* ViewController.swift in Sources */,
				633D45B523AB9FE300FE24F1 /* SettingScreenViewController.swift in Sources */,
				634A296723AB9E010002D3BA /* AppDelegate.swift in Sources */,
				633D45B923AB9FF300FE24F1 /* HomeScreenViewController.swift in Sources */,
				633D45AE23AB9EE700FE24F1 /* PlaceDao.swift in Sources */,
				633D45B023AB9EE700FE24F1 /* UserDao.swift in Sources */,
				634A296923AB9E010002D3BA /* SceneDelegate.swift in Sources */,
				633D45AF23AB9EE700FE24F1 /* UserServices.swift in Sources */,
				633D45C123ABA02000FE24F1 /* LoginScreenViewController.swift in Sources */,
				633D45AD23AB9EE700FE24F1 /* PlaceServices.swift in Sources */,
			);
			runOnlyForDeploymentPostprocessing = 0;
		};
/* End PBXSourcesBuildPhase section */

/* Begin PBXVariantGroup section */
		634A296C23AB9E010002D3BA /* Main.storyboard */ = {
			isa = PBXVariantGroup;
			children = (
				634A296D23AB9E010002D3BA /* Base */,
			);
			name = Main.storyboard;
			sourceTree = "<group>";
		};
		634A297123AB9E030002D3BA /* LaunchScreen.storyboard */ = {
			isa = PBXVariantGroup;
			children = (
				634A297223AB9E030002D3BA /* Base */,
			);
			name = LaunchScreen.storyboard;
			sourceTree = "<group>";
		};
/* End PBXVariantGroup section */

/* Begin XCBuildConfiguration section */
		634A297523AB9E030002D3BA /* Debug */ = {
			isa = XCBuildConfiguration;
			buildSettings = {
				ALWAYS_SEARCH_USER_PATHS = NO;
				CLANG_ANALYZER_NONNULL = YES;
				CLANG_ANALYZER_NUMBER_OBJECT_CONVERSION = YES_AGGRESSIVE;
				CLANG_CXX_LANGUAGE_STANDARD = "gnu++14";
				CLANG_CXX_LIBRARY = "libc++";
				CLANG_ENABLE_MODULES = YES;
				CLANG_ENABLE_OBJC_ARC = YES;
				CLANG_ENABLE_OBJC_WEAK = YES;
				CLANG_WARN_BLOCK_CAPTURE_AUTORELEASING = YES;
				CLANG_WARN_BOOL_CONVERSION = YES;
				CLANG_WARN_COMMA = YES;
				CLANG_WARN_CONSTANT_CONVERSION = YES;
				CLANG_WARN_DEPRECATED_OBJC_IMPLEMENTATIONS = YES;
				CLANG_WARN_DIRECT_OBJC_ISA_USAGE = YES_ERROR;
				CLANG_WARN_DOCUMENTATION_COMMENTS = YES;
				CLANG_WARN_EMPTY_BODY = YES;
				CLANG_WARN_ENUM_CONVERSION = YES;
				CLANG_WARN_INFINITE_RECURSION = YES;
				CLANG_WARN_INT_CONVERSION = YES;
				CLANG_WARN_NON_LITERAL_NULL_CONVERSION = YES;
				CLANG_WARN_OBJC_IMPLICIT_RETAIN_SELF = YES;
				CLANG_WARN_OBJC_LITERAL_CONVERSION = YES;
				CLANG_WARN_OBJC_ROOT_CLASS = YES_ERROR;
				CLANG_WARN_RANGE_LOOP_ANALYSIS = YES;
				CLANG_WARN_STRICT_PROTOTYPES = YES;
				CLANG_WARN_SUSPICIOUS_MOVE = YES;
				CLANG_WARN_UNGUARDED_AVAILABILITY = YES_AGGRESSIVE;
				CLANG_WARN_UNREACHABLE_CODE = YES;
				CLANG_WARN__DUPLICATE_METHOD_MATCH = YES;
				COPY_PHASE_STRIP = NO;
				DEBUG_INFORMATION_FORMAT = dwarf;
				ENABLE_STRICT_OBJC_MSGSEND = YES;
				ENABLE_TESTABILITY = YES;
				GCC_C_LANGUAGE_STANDARD = gnu11;
				GCC_DYNAMIC_NO_PIC = NO;
				GCC_NO_COMMON_BLOCKS = YES;
				GCC_OPTIMIZATION_LEVEL = 0;
				GCC_PREPROCESSOR_DEFINITIONS = (
					"DEBUG=1",
					"$(inherited)",
				);
				GCC_WARN_64_TO_32_BIT_CONVERSION = YES;
				GCC_WARN_ABOUT_RETURN_TYPE = YES_ERROR;
				GCC_WARN_UNDECLARED_SELECTOR = YES;
				GCC_WARN_UNINITIALIZED_AUTOS = YES_AGGRESSIVE;
				GCC_WARN_UNUSED_FUNCTION = YES;
				GCC_WARN_UNUSED_VARIABLE = YES;
				IPHONEOS_DEPLOYMENT_TARGET = 13.2;
				MTL_ENABLE_DEBUG_INFO = INCLUDE_SOURCE;
				MTL_FAST_MATH = YES;
				ONLY_ACTIVE_ARCH = YES;
				SDKROOT = iphoneos;
				SWIFT_ACTIVE_COMPILATION_CONDITIONS = DEBUG;
				SWIFT_OPTIMIZATION_LEVEL = "-Onone";
			};
			name = Debug;
		};
		634A297623AB9E030002D3BA /* Release */ = {
			isa = XCBuildConfiguration;
			buildSettings = {
				ALWAYS_SEARCH_USER_PATHS = NO;
				CLANG_ANALYZER_NONNULL = YES;
				CLANG_ANALYZER_NUMBER_OBJECT_CONVERSION = YES_AGGRESSIVE;
				CLANG_CXX_LANGUAGE_STANDARD = "gnu++14";
				CLANG_CXX_LIBRARY = "libc++";
				CLANG_ENABLE_MODULES = YES;
				CLANG_ENABLE_OBJC_ARC = YES;
				CLANG_ENABLE_OBJC_WEAK = YES;
				CLANG_WARN_BLOCK_CAPTURE_AUTORELEASING = YES;
				CLANG_WARN_BOOL_CONVERSION = YES;
				CLANG_WARN_COMMA = YES;
				CLANG_WARN_CONSTANT_CONVERSION = YES;
				CLANG_WARN_DEPRECATED_OBJC_IMPLEMENTATIONS = YES;
				CLANG_WARN_DIRECT_OBJC_ISA_USAGE = YES_ERROR;
				CLANG_WARN_DOCUMENTATION_COMMENTS = YES;
				CLANG_WARN_EMPTY_BODY = YES;
				CLANG_WARN_ENUM_CONVERSION = YES;
				CLANG_WARN_INFINITE_RECURSION = YES;
				CLANG_WARN_INT_CONVERSION = YES;
				CLANG_WARN_NON_LITERAL_NULL_CONVERSION = YES;
				CLANG_WARN_OBJC_IMPLICIT_RETAIN_SELF = YES;
				CLANG_WARN_OBJC_LITERAL_CONVERSION = YES;
				CLANG_WARN_OBJC_ROOT_CLASS = YES_ERROR;
				CLANG_WARN_RANGE_LOOP_ANALYSIS = YES;
				CLANG_WARN_STRICT_PROTOTYPES = YES;
				CLANG_WARN_SUSPICIOUS_MOVE = YES;
				CLANG_WARN_UNGUARDED_AVAILABILITY = YES_AGGRESSIVE;
				CLANG_WARN_UNREACHABLE_CODE = YES;
				CLANG_WARN__DUPLICATE_METHOD_MATCH = YES;
				COPY_PHASE_STRIP = NO;
				DEBUG_INFORMATION_FORMAT = "dwarf-with-dsym";
				ENABLE_NS_ASSERTIONS = NO;
				ENABLE_STRICT_OBJC_MSGSEND = YES;
				GCC_C_LANGUAGE_STANDARD = gnu11;
				GCC_NO_COMMON_BLOCKS = YES;
				GCC_WARN_64_TO_32_BIT_CONVERSION = YES;
				GCC_WARN_ABOUT_RETURN_TYPE = YES_ERROR;
				GCC_WARN_UNDECLARED_SELECTOR = YES;
				GCC_WARN_UNINITIALIZED_AUTOS = YES_AGGRESSIVE;
				GCC_WARN_UNUSED_FUNCTION = YES;
				GCC_WARN_UNUSED_VARIABLE = YES;
				IPHONEOS_DEPLOYMENT_TARGET = 13.2;
				MTL_ENABLE_DEBUG_INFO = NO;
				MTL_FAST_MATH = YES;
				SDKROOT = iphoneos;
				SWIFT_COMPILATION_MODE = wholemodule;
				SWIFT_OPTIMIZATION_LEVEL = "-O";
				VALIDATE_PRODUCT = YES;
			};
			name = Release;
		};
		634A297823AB9E030002D3BA /* Debug */ = {
			isa = XCBuildConfiguration;
			buildSettings = {
				ASSETCATALOG_COMPILER_APPICON_NAME = AppIcon;
				CODE_SIGN_STYLE = Automatic;
				DEVELOPMENT_TEAM = HVJT3DP8AG;
				INFOPLIST_FILE = Findout/Info.plist;
				LD_RUNPATH_SEARCH_PATHS = (
					"$(inherited)",
					"@executable_path/Frameworks",
				);
				PRODUCT_BUNDLE_IDENTIFIER = esgi.Findout;
				PRODUCT_NAME = "$(TARGET_NAME)";
				SWIFT_VERSION = 5.0;
				TARGETED_DEVICE_FAMILY = "1,2";
			};
			name = Debug;
		};
		634A297923AB9E030002D3BA /* Release */ = {
			isa = XCBuildConfiguration;
			buildSettings = {
				ASSETCATALOG_COMPILER_APPICON_NAME = AppIcon;
				CODE_SIGN_STYLE = Automatic;
				DEVELOPMENT_TEAM = HVJT3DP8AG;
				INFOPLIST_FILE = Findout/Info.plist;
				LD_RUNPATH_SEARCH_PATHS = (
					"$(inherited)",
					"@executable_path/Frameworks",
				);
				PRODUCT_BUNDLE_IDENTIFIER = esgi.Findout;
				PRODUCT_NAME = "$(TARGET_NAME)";
				SWIFT_VERSION = 5.0;
				TARGETED_DEVICE_FAMILY = "1,2";
			};
			name = Release;
		};
/* End XCBuildConfiguration section */

/* Begin XCConfigurationList section */
		634A295E23AB9E010002D3BA /* Build configuration list for PBXProject "Findout" */ = {
			isa = XCConfigurationList;
			buildConfigurations = (
				634A297523AB9E030002D3BA /* Debug */,
				634A297623AB9E030002D3BA /* Release */,
			);
			defaultConfigurationIsVisible = 0;
			defaultConfigurationName = Release;
		};
		634A297723AB9E030002D3BA /* Build configuration list for PBXNativeTarget "Findout" */ = {
			isa = XCConfigurationList;
			buildConfigurations = (
				634A297823AB9E030002D3BA /* Debug */,
				634A297923AB9E030002D3BA /* Release */,
			);
			defaultConfigurationIsVisible = 0;
			defaultConfigurationName = Release;
		};
/* End XCConfigurationList section */
	};
	rootObject = 634A295B23AB9E010002D3BA /* Project object */;
}
